# This file is automatically @generated by Cargo.
# It is not intended for manual editing.
version = 4

[[package]]
name = "joenet"
version = "0.1.0"

[[package]]
name = "morpheus-joe"
version = "0.1.0"
dependencies = [
 "joenet",
 "morpheus-joe-core",
]

[[package]]
name = "morpheus-joe-core"
version = "0.1.0"
